{
  "name": "aroonie-repairs-website",
  "version": "1.0.0",
  "lockfileVersion": 3,
  "requires": true,
  "packages": {
    "": {
      "name": "aroonie-repairs-website",
      "version": "1.0.0",
      "license": "GPL-3.0-or-later",
      "dependencies": {
        "nodemailer": "^6.9.13"
      }
    },
    "node_modules/nodemailer": {
      "version": "6.9.13",
      "resolved": "https://registry.npmjs.org/nodemailer/-/nodemailer-6.9.13.tgz",
      "integrity": "sha512-gI3I313s6w/BIy/sJ3T53sR43m2wvjPenJ4cE8w/2qj8s23G4B0g+1u+w4z4+19k2A3k/g3s3i1g1zG9g54w==",
      "engines": {
        "node": ">=6.0.0"
      }
    }
  }
}