{
  "name": "aroonie-repairs-website",
  "version": "1.0.0",
  "lockfileVersion": 2,
  "requires": true,
  "packages": {
    "": {
      "name": "aroonie-repairs-website",
      "version": "1.0.0",
      "license": "GPL-3.0-or-later",
      "dependencies": {
        "nodemailer": "^6.9.8"
      }
    },
    "node_modules/nodemailer": {
      "version": "6.9.8",
      "resolved": "https://registry.npmjs.org/nodemailer/-/nodemailer-6.9.8.tgz",
      "integrity": "sha512-EVda2u4n2n2DCwB9klg3g46f1h3MRXnU5S2xR27iGaiG2z0T49L28xL6/b2wM1E0I3zN4b43q3Ld53sA/5gjw==",
      "engines": {
        "node": ">=6.0.0"
      }
    }
  }
}